// !$*UTF8*$!
{
	archiveVersion = 1;
	classes = {
	};
	objectVersion = 46;
	objects = {

/* Begin PBXBuildFile section */
		4FC020581B8964350035D0A4 /* AppDelegate.swift in Sources */ = {isa = PBXBuildFile; fileRef = 4FC020571B8964350035D0A4 /* AppDelegate.swift */; };
		4FC0205A1B8964350035D0A4 /* ViewController.swift in Sources */ = {isa = PBXBuildFile; fileRef = 4FC020591B8964350035D0A4 /* ViewController.swift */; };
		4FC0205D1B8964350035D0A4 /* Main.storyboard in Resources */ = {isa = PBXBuildFile; fileRef = 4FC0205B1B8964350035D0A4 /* Main.storyboard */; };
		4FC0205F1B8964350035D0A4 /* Assets.xcassets in Resources */ = {isa = PBXBuildFile; fileRef = 4FC0205E1B8964350035D0A4 /* Assets.xcassets */; };
		4FC020621B8964350035D0A4 /* LaunchScreen.storyboard in Resources */ = {isa = PBXBuildFile; fileRef = 4FC020601B8964350035D0A4 /* LaunchScreen.storyboard */; };
		4FC0206D1B8964360035D0A4 /* imagePickerSampleTests.swift in Sources */ = {isa = PBXBuildFile; fileRef = 4FC0206C1B8964360035D0A4 /* imagePickerSampleTests.swift */; };
		4FC020781B8964360035D0A4 /* imagePickerSampleUITests.swift in Sources */ = {isa = PBXBuildFile; fileRef = 4FC020771B8964360035D0A4 /* imagePickerSampleUITests.swift */; };
/* End PBXBuildFile section */

/* Begin PBXContainerItemProxy section */
		4FC020691B8964360035D0A4 /* PBXContainerItemProxy */ = {
			isa = PBXContainerItemProxy;
			containerPortal = 4FC0204C1B8964350035D0A4 /* Project object */;
			proxyType = 1;
			remoteGlobalIDString = 4FC020531B8964350035D0A4;
			remoteInfo = imagePickerSample;
		};
		4FC020741B8964360035D0A4 /* PBXContainerItemProxy */ = {
			isa = PBXContainerItemProxy;
			containerPortal = 4FC0204C1B8964350035D0A4 /* Project object */;
			proxyType = 1;
			remoteGlobalIDString = 4FC020531B8964350035D0A4;
			remoteInfo = imagePickerSample;
		};
/* End PBXContainerItemProxy section */

/* Begin PBXFileReference section */
		4FC020541B8964350035D0A4 /* imagePickerSample.app */ = {isa = PBXFileReference; explicitFileType = wrapper.application; includeInIndex = 0; path = imagePickerSample.app; sourceTree = BUILT_PRODUCTS_DIR; };
		4FC020571B8964350035D0A4 /* AppDelegate.swift */ = {isa = PBXFileReference; lastKnownFileType = sourcecode.swift; path = AppDelegate.swift; sourceTree = "<group>"; };
		4FC020591B8964350035D0A4 /* ViewController.swift */ = {isa = PBXFileReference; lastKnownFileType = sourcecode.swift; path = ViewController.swift; sourceTree = "<group>"; };
		4FC0205C1B8964350035D0A4 /* Base */ = {isa = PBXFileReference; lastKnownFileType = file.storyboard; name = Base; path = Base.lproj/Main.storyboard; sourceTree = "<group>"; };
		4FC0205E1B8964350035D0A4 /* Assets.xcassets */ = {isa = PBXFileReference; lastKnownFileType = folder.assetcatalog; path = Assets.xcassets; sourceTree = "<group>"; };
		4FC020611B8964350035D0A4 /* Base */ = {isa = PBXFileReference; lastKnownFileType = file.storyboard; name = Base; path = Base.lproj/LaunchScreen.storyboard; sourceTree = "<group>"; };
		4FC020631B8964350035D0A4 /* Info.plist */ = {isa = PBXFileReference; lastKnownFileType = text.plist.xml; path = Info.plist; sourceTree = "<group>"; };
		4FC020681B8964360035D0A4 /* imagePickerSampleTests.xctest */ = {isa = PBXFileReference; explicitFileType = wrapper.cfbundle; includeInIndex = 0; path = imagePickerSampleTests.xctest; sourceTree = BUILT_PRODUCTS_DIR; };
		4FC0206C1B8964360035D0A4 /* imagePickerSampleTests.swift */ = {isa = PBXFileReference; lastKnownFileType = sourcecode.swift; path = imagePickerSampleTests.swift; sourceTree = "<group>"; };
		4FC0206E1B8964360035D0A4 /* Info.plist */ = {isa = PBXFileReference; lastKnownFileType = text.plist.xml; path = Info.plist; sourceTree = "<group>"; };
		4FC020731B8964360035D0A4 /* imagePickerSampleUITests.xctest */ = {isa = PBXFileReference; explicitFileType = wrapper.cfbundle; includeInIndex = 0; path = imagePickerSampleUITests.xctest; sourceTree = BUILT_PRODUCTS_DIR; };
		4FC020771B8964360035D0A4 /* imagePickerSampleUITests.swift */ = {isa = PBXFileReference; lastKnownFileType = sourcecode.swift; path = imagePickerSampleUITests.swift; sourceTree = "<group>"; };
		4FC020791B8964360035D0A4 /* Info.plist */ = {isa = PBXFileReference; lastKnownFileType = text.plist.xml; path = Info.plist; sourceTree = "<group>"; };
/* End PBXFileReference section */

/* Begin PBXFrameworksBuildPhase section */
		4FC020511B8964350035D0A4 /* Frameworks */ = {
			isa = PBXFrameworksBuildPhase;
			buildActionMask = 2147483647;
			files = (
			);
			runOnlyForDeploymentPostprocessing = 0;
		};
		4FC020651B8964360035D0A4 /* Frameworks */ = {
			isa = PBXFrameworksBuildPhase;
			buildActionMask = 2147483647;
			files = (
			);
			runOnlyForDeploymentPostprocessing = 0;
		};
		4FC020701B8964360035D0A4 /* Frameworks */ = {
			isa = PBXFrameworksBuildPhase;
			buildActionMask = 2147483647;
			files = (
			);
			runOnlyForDeploymentPostprocessing = 0;
		};
/* End PBXFrameworksBuildPhase section */

/* Begin PBXGroup section */
		4FC0204B1B8964350035D0A4 = {
			isa = PBXGroup;
			children = (
				4FC020561B8964350035D0A4 /* imagePickerSample */,
				4FC0206B1B8964360035D0A4 /* imagePickerSampleTests */,
				4FC020761B8964360035D0A4 /* imagePickerSampleUITests */,
				4FC020551B8964350035D0A4 /* Products */,
			);
			sourceTree = "<group>";
		};
		4FC020551B8964350035D0A4 /* Products */ = {
			isa = PBXGroup;
			children = (
				4FC020541B8964350035D0A4 /* imagePickerSample.app */,
				4FC020681B8964360035D0A4 /* imagePickerSampleTests.xctest */,
				4FC020731B8964360035D0A4 /* imagePickerSampleUITests.xctest */,
			);
			name = Products;
			sourceTree = "<group>";
		};
		4FC020561B8964350035D0A4 /* imagePickerSample */ = {
			isa = PBXGroup;
			children = (
				4FC020571B8964350035D0A4 /* AppDelegate.swift */,
				4FC020591B8964350035D0A4 /* ViewController.swift */,
				4FC0205B1B8964350035D0A4 /* Main.storyboard */,
				4FC0205E1B8964350035D0A4 /* Assets.xcassets */,
				4FC020601B8964350035D0A4 /* LaunchScreen.storyboard */,
				4FC020631B8964350035D0A4 /* Info.plist */,
			);
			path = imagePickerSample;
			sourceTree = "<group>";
		};
		4FC0206B1B8964360035D0A4 /* imagePickerSampleTests */ = {
			isa = PBXGroup;
			children = (
				4FC0206C1B8964360035D0A4 /* imagePickerSampleTests.swift */,
				4FC0206E1B8964360035D0A4 /* Info.plist */,
			);
			path = imagePickerSampleTests;
			sourceTree = "<group>";
		};
		4FC020761B8964360035D0A4 /* imagePickerSampleUITests */ = {
			isa = PBXGroup;
			children = (
				4FC020771B8964360035D0A4 /* imagePickerSampleUITests.swift */,
				4FC020791B8964360035D0A4 /* Info.plist */,
			);
			path = imagePickerSampleUITests;
			sourceTree = "<group>";
		};
/* End PBXGroup section */

/* Begin PBXNativeTarget section */
		4FC020531B8964350035D0A4 /* imagePickerSample */ = {
			isa = PBXNativeTarget;
			buildConfigurationList = 4FC0207C1B8964360035D0A4 /* Build configuration list for PBXNativeTarget "imagePickerSample" */;
			buildPhases = (
				4FC020501B8964350035D0A4 /* Sources */,
				4FC020511B8964350035D0A4 /* Frameworks */,
				4FC020521B8964350035D0A4 /* Resources */,
			);
			buildRules = (
			);
			dependencies = (
			);
			name = imagePickerSample;
			productName = imagePickerSample;
			productReference = 4FC020541B8964350035D0A4 /* imagePickerSample.app */;
			productType = "com.apple.product-type.application";
		};
		4FC020671B8964360035D0A4 /* imagePickerSampleTests */ = {
			isa = PBXNativeTarget;
			buildConfigurationList = 4FC0207F1B8964360035D0A4 /* Build configuration list for PBXNativeTarget "imagePickerSampleTests" */;
			buildPhases = (
				4FC020641B8964360035D0A4 /* Sources */,
				4FC020651B8964360035D0A4 /* Frameworks */,
				4FC020661B8964360035D0A4 /* Resources */,
			);
			buildRules = (
			);
			dependencies = (
				4FC0206A1B8964360035D0A4 /* PBXTargetDependency */,
			);
			name = imagePickerSampleTests;
			productName = imagePickerSampleTests;
			productReference = 4FC020681B8964360035D0A4 /* imagePickerSampleTests.xctest */;
			productType = "com.apple.product-type.bundle.unit-test";
		};
		4FC020721B8964360035D0A4 /* imagePickerSampleUITests */ = {
			isa = PBXNativeTarget;
			buildConfigurationList = 4FC020821B8964360035D0A4 /* Build configuration list for PBXNativeTarget "imagePickerSampleUITests" */;
			buildPhases = (
				4FC0206F1B8964360035D0A4 /* Sources */,
				4FC020701B8964360035D0A4 /* Frameworks */,
				4FC020711B8964360035D0A4 /* Resources */,
			);
			buildRules = (
			);
			dependencies = (
				4FC020751B8964360035D0A4 /* PBXTargetDependency */,
			);
			name = imagePickerSampleUITests;
			productName = imagePickerSampleUITests;
			productReference = 4FC020731B8964360035D0A4 /* imagePickerSampleUITests.xctest */;
			productType = "com.apple.product-type.bundle.ui-testing";
		};
/* End PBXNativeTarget section */

/* Begin PBXProject section */
		4FC0204C1B8964350035D0A4 /* Project object */ = {
			isa = PBXProject;
			attributes = {
				LastUpgradeCheck = 0700;
				ORGANIZATIONNAME = m0a;
				TargetAttributes = {
					4FC020531B8964350035D0A4 = {
						CreatedOnToolsVersion = 7.0;
						DevelopmentTeam = 3GLZGKK6HE;
					};
					4FC020671B8964360035D0A4 = {
						CreatedOnToolsVersion = 7.0;
						DevelopmentTeam = 3GLZGKK6HE;
						TestTargetID = 4FC020531B8964350035D0A4;
					};
					4FC020721B8964360035D0A4 = {
						CreatedOnToolsVersion = 7.0;
						DevelopmentTeam = 3GLZGKK6HE;
						TestTargetID = 4FC020531B8964350035D0A4;
					};
				};
			};
			buildConfigurationList = 4FC0204F1B8964350035D0A4 /* Build configuration list for PBXProject "imagePickerSample" */;
			compatibilityVersion = "Xcode 3.2";
			developmentRegion = English;
			hasScannedForEncodings = 0;
			knownRegions = (
				en,
				Base,
			);
			mainGroup = 4FC0204B1B8964350035D0A4;
			productRefGroup = 4FC020551B8964350035D0A4 /* Products */;
			projectDirPath = "";
			projectRoot = "";
			targets = (
				4FC020531B8964350035D0A4 /* imagePickerSample */,
				4FC020671B8964360035D0A4 /* imagePickerSampleTests */,
				4FC020721B8964360035D0A4 /* imagePickerSampleUITests */,
			);
		};
/* End PBXProject section */

/* Begin PBXResourcesBuildPhase section */
		4FC020521B8964350035D0A4 /* Resources */ = {
			isa = PBXResourcesBuildPhase;
			buildActionMask = 2147483647;
			files = (
				4FC020621B8964350035D0A4 /* LaunchScreen.storyboard in Resources */,
				4FC0205F1B8964350035D0A4 /* Assets.xcassets in Resources */,
				4FC0205D1B8964350035D0A4 /* Main.storyboard in Resources */,
			);
			runOnlyForDeploymentPostprocessing = 0;
		};
		4FC020661B8964360035D0A4 /* Resources */ = {
			isa = PBXResourcesBuildPhase;
			buildActionMask = 2147483647;
			files = (
			);
			runOnlyForDeploymentPostprocessing = 0;
		};
		4FC020711B8964360035D0A4 /* Resources */ = {
			isa = PBXResourcesBuildPhase;
			buildActionMask = 2147483647;
			files = (
			);
			runOnlyForDeploymentPostprocessing = 0;
		};
/* End PBXResourcesBuildPhase section */

/* Begin PBXSourcesBuildPhase section */
		4FC020501B8964350035D0A4 /* Sources */ = {
			isa = PBXSourcesBuildPhase;
			buildActionMask = 2147483647;
			files = (
				4FC0205A1B8964350035D0A4 /* ViewController.swift in Sources */,
				4FC020581B8964350035D0A4 /* AppDelegate.swift in Sources */,
			);
			runOnlyForDeploymentPostprocessing = 0;
		};
		4FC020641B8964360035D0A4 /* Sources */ = {
			isa = PBXSourcesBuildPhase;
			buildActionMask = 2147483647;
			files = (
				4FC0206D1B8964360035D0A4 /* imagePickerSampleTests.swift in Sources */,
			);
			runOnlyForDeploymentPostprocessing = 0;
		};
		4FC0206F1B8964360035D0A4 /* Sources */ = {
			isa = PBXSourcesBuildPhase;
			buildActionMask = 2147483647;
			files = (
				4FC020781B8964360035D0A4 /* imagePickerSampleUITests.swift in Sources */,
			);
			runOnlyForDeploymentPostprocessing = 0;
		};
/* End PBXSourcesBuildPhase section */

/* Begin PBXTargetDependency section */
		4FC0206A1B8964360035D0A4 /* PBXTargetDependency */ = {
			isa = PBXTargetDependency;
			target = 4FC020531B8964350035D0A4 /* imagePickerSample */;
			targetProxy = 4FC020691B8964360035D0A4 /* PBXContainerItemProxy */;
		};
		4FC020751B8964360035D0A4 /* PBXTargetDependency */ = {
			isa = PBXTargetDependency;
			target = 4FC020531B8964350035D0A4 /* imagePickerSample */;
			targetProxy = 4FC020741B8964360035D0A4 /* PBXContainerItemProxy */;
		};
/* End PBXTargetDependency section */

/* Begin PBXVariantGroup section */
		4FC0205B1B8964350035D0A4 /* Main.storyboard */ = {
			isa = PBXVariantGroup;
			children = (
				4FC0205C1B8964350035D0A4 /* Base */,
			);
			name = Main.storyboard;
			sourceTree = "<group>";
		};
		4FC020601B8964350035D0A4 /* LaunchScreen.storyboard */ = {
			isa = PBXVariantGroup;
			children = (
				4FC020611B8964350035D0A4 /* Base */,
			);
			name = LaunchScreen.storyboard;
			sourceTree = "<group>";
		};
/* End PBXVariantGroup section */

/* Begin XCBuildConfiguration section */
		4FC0207A1B8964360035D0A4 /* Debug */ = {
			isa = XCBuildConfiguration;
			buildSettings = {
				ALWAYS_SEARCH_USER_PATHS = NO;
				CLANG_CXX_LANGUAGE_STANDARD = "gnu++0x";
				CLANG_CXX_LIBRARY = "libc++";
				CLANG_ENABLE_MODULES = YES;
				CLANG_ENABLE_OBJC_ARC = YES;
				CLANG_WARN_BOOL_CONVERSION = YES;
				CLANG_WARN_CONSTANT_CONVERSION = YES;
				CLANG_WARN_DIRECT_OBJC_ISA_USAGE = YES_ERROR;
				CLANG_WARN_EMPTY_BODY = YES;
				CLANG_WARN_ENUM_CONVERSION = YES;
				CLANG_WARN_INT_CONVERSION = YES;
				CLANG_WARN_OBJC_ROOT_CLASS = YES_ERROR;
				CLANG_WARN_UNREACHABLE_CODE = YES;
				CLANG_WARN__DUPLICATE_METHOD_MATCH = YES;
				"CODE_SIGN_IDENTITY[sdk=iphoneos*]" = "iPhone Developer";
				COPY_PHASE_STRIP = NO;
				DEBUG_INFORMATION_FORMAT = dwarf;
				ENABLE_STRICT_OBJC_MSGSEND = YES;
				ENABLE_TESTABILITY = YES;
				GCC_C_LANGUAGE_STANDARD = gnu99;
				GCC_DYNAMIC_NO_PIC = NO;
				GCC_NO_COMMON_BLOCKS = YES;
				GCC_OPTIMIZATION_LEVEL = 0;
				GCC_PREPROCESSOR_DEFINITIONS = (
					"DEBUG=1",
					"$(inherited)",
				);
				GCC_WARN_64_TO_32_BIT_CONVERSION = YES;
				GCC_WARN_ABOUT_RETURN_TYPE = YES_ERROR;
				GCC_WARN_UNDECLARED_SELECTOR = YES;
				GCC_WARN_UNINITIALIZED_AUTOS = YES_AGGRESSIVE;
				GCC_WARN_UNUSED_FUNCTION = YES;
				GCC_WARN_UNUSED_VARIABLE = YES;
				IPHONEOS_DEPLOYMENT_TARGET = 9.0;
				MTL_ENABLE_DEBUG_INFO = YES;
				ONLY_ACTIVE_ARCH = YES;
				SDKROOT = iphoneos;
				SWIFT_OPTIMIZATION_LEVEL = "-Onone";
			};
			name = Debug;
		};
		4FC0207B1B8964360035D0A4 /* Release */ = {
			isa = XCBuildConfiguration;
			buildSettings = {
				ALWAYS_SEARCH_USER_PATHS = NO;
				CLANG_CXX_LANGUAGE_STANDARD = "gnu++0x";
				CLANG_CXX_LIBRARY = "libc++";
				CLANG_ENABLE_MODULES = YES;
				CLANG_ENABLE_OBJC_ARC = YES;
				CLANG_WARN_BOOL_CONVERSION = YES;
				CLANG_WARN_CONSTANT_CONVERSION = YES;
				CLANG_WARN_DIRECT_OBJC_ISA_USAGE = YES_ERROR;
				CLANG_WARN_EMPTY_BODY = YES;
				CLANG_WARN_ENUM_CONVERSION = YES;
				CLANG_WARN_INT_CONVERSION = YES;
				CLANG_WARN_OBJC_ROOT_CLASS = YES_ERROR;
				CLANG_WARN_UNREACHABLE_CODE = YES;
				CLANG_WARN__DUPLICATE_METHOD_MATCH = YES;
				"CODE_SIGN_IDENTITY[sdk=iphoneos*]" = "iPhone Developer";
				COPY_PHASE_STRIP = NO;
				DEBUG_INFORMATION_FORMAT = "dwarf-with-dsym";
				ENABLE_NS_ASSERTIONS = NO;
				ENABLE_STRICT_OBJC_MSGSEND = YES;
				GCC_C_LANGUAGE_STANDARD = gnu99;
				GCC_NO_COMMON_BLOCKS = YES;
				GCC_WARN_64_TO_32_BIT_CONVERSION = YES;
				GCC_WARN_ABOUT_RETURN_TYPE = YES_ERROR;
				GCC_WARN_UNDECLARED_SELECTOR = YES;
				GCC_WARN_UNINITIALIZED_AUTOS = YES_AGGRESSIVE;
				GCC_WARN_UNUSED_FUNCTION = YES;
				GCC_WARN_UNUSED_VARIABLE = YES;
				IPHONEOS_DEPLOYMENT_TARGET = 9.0;
				MTL_ENABLE_DEBUG_INFO = NO;
				SDKROOT = iphoneos;
				VALIDATE_PRODUCT = YES;
			};
			name = Release;
		};
		4FC0207D1B8964360035D0A4 /* Debug */ = {
			isa = XCBuildConfiguration;
			buildSettings = {
				ASSETCATALOG_COMPILER_APPICON_NAME = AppIcon;
				INFOPLIST_FILE = imagePickerSample/Info.plist;
				LD_RUNPATH_SEARCH_PATHS = "$(inherited) @executable_path/Frameworks";
				PRODUCT_BUNDLE_IDENTIFIER = com.m0a.imagePickerSample;
				PRODUCT_NAME = "$(TARGET_NAME)";
			};
			name = Debug;
		};
		4FC0207E1B8964360035D0A4 /* Release */ = {
			isa = XCBuildConfiguration;
			buildSettings = {
				ASSETCATALOG_COMPILER_APPICON_NAME = AppIcon;
				INFOPLIST_FILE = imagePickerSample/Info.plist;
				LD_RUNPATH_SEARCH_PATHS = "$(inherited) @executable_path/Frameworks";
				PRODUCT_BUNDLE_IDENTIFIER = com.m0a.imagePickerSample;
				PRODUCT_NAME = "$(TARGET_NAME)";
			};
			name = Release;
		};
		4FC020801B8964360035D0A4 /* Debug */ = {
			isa = XCBuildConfiguration;
			buildSettings = {
				BUNDLE_LOADER = "$(TEST_HOST)";
				INFOPLIST_FILE = imagePickerSampleTests/Info.plist;
				LD_RUNPATH_SEARCH_PATHS = "$(inherited) @executable_path/Frameworks @loader_path/Frameworks";
				PRODUCT_BUNDLE_IDENTIFIER = com.m0a.imagePickerSampleTests;
				PRODUCT_NAME = "$(TARGET_NAME)";
				TEST_HOST = "$(BUILT_PRODUCTS_DIR)/imagePickerSample.app/imagePickerSample";
			};
			name = Debug;
		};
		4FC020811B8964360035D0A4 /* Release */ = {
			isa = XCBuildConfiguration;
			buildSettings = {
				BUNDLE_LOADER = "$(TEST_HOST)";
				INFOPLIST_FILE = imagePickerSampleTests/Info.plist;
				LD_RUNPATH_SEARCH_PATHS = "$(inherited) @executable_path/Frameworks @loader_path/Frameworks";
				PRODUCT_BUNDLE_IDENTIFIER = com.m0a.imagePickerSampleTests;
				PRODUCT_NAME = "$(TARGET_NAME)";
				TEST_HOST = "$(BUILT_PRODUCTS_DIR)/imagePickerSample.app/imagePickerSample";
			};
			name = Release;
		};
		4FC020831B8964360035D0A4 /* Debug */ = {
			isa = XCBuildConfiguration;
			buildSettings = {
				INFOPLIST_FILE = imagePickerSampleUITests/Info.plist;
				LD_RUNPATH_SEARCH_PATHS = "$(inherited) @executable_path/Frameworks @loader_path/Frameworks";
				PRODUCT_BUNDLE_IDENTIFIER = com.m0a.imagePickerSampleUITests;
				PRODUCT_NAME = "$(TARGET_NAME)";
				TEST_TARGET_NAME = imagePickerSample;
				USES_XCTRUNNER = YES;
			};
			name = Debug;
		};
		4FC020841B8964360035D0A4 /* Release */ = {
			isa = XCBuildConfiguration;
			buildSettings = {
				INFOPLIST_FILE = imagePickerSampleUITests/Info.plist;
				LD_RUNPATH_SEARCH_PATHS = "$(inherited) @executable_path/Frameworks @loader_path/Frameworks";
				PRODUCT_BUNDLE_IDENTIFIER = com.m0a.imagePickerSampleUITests;
				PRODUCT_NAME = "$(TARGET_NAME)";
				TEST_TARGET_NAME = imagePickerSample;
				USES_XCTRUNNER = YES;
			};
			name = Release;
		};
/* End XCBuildConfiguration section */

/* Begin XCConfigurationList section */
		4FC0204F1B8964350035D0A4 /* Build configuration list for PBXProject "imagePickerSample" */ = {
			isa = XCConfigurationList;
			buildConfigurations = (
				4FC0207A1B8964360035D0A4 /* Debug */,
				4FC0207B1B8964360035D0A4 /* Release */,
			);
			defaultConfigurationIsVisible = 0;
			defaultConfigurationName = Release;
		};
		4FC0207C1B8964360035D0A4 /* Build configuration list for PBXNativeTarget "imagePickerSample" */ = {
			isa = XCConfigurationList;
			buildConfigurations = (
				4FC0207D1B8964360035D0A4 /* Debug */,
				4FC0207E1B8964360035D0A4 /* Release */,
			);
			defaultConfigurationIsVisible = 0;
		};
		4FC0207F1B8964360035D0A4 /* Build configuration list for PBXNativeTarget "imagePickerSampleTests" */ = {
			isa = XCConfigurationList;
			buildConfigurations = (
				4FC020801B8964360035D0A4 /* Debug */,
				4FC020811B8964360035D0A4 /* Release */,
			);
			defaultConfigurationIsVisible = 0;
		};
		4FC020821B8964360035D0A4 /* Build configuration list for PBXNativeTarget "imagePickerSampleUITests" */ = {
			isa = XCConfigurationList;
			buildConfigurations = (
				4FC020831B8964360035D0A4 /* Debug */,
				4FC020841B8964360035D0A4 /* Release */,
			);
			defaultConfigurationIsVisible = 0;
		};
/* End XCConfigurationList section */
	};
	rootObject = 4FC0204C1B8964350035D0A4 /* Project object */;
}
