// !$*UTF8*$!
{
	archiveVersion = 1;
	classes = {
	};
	objectVersion = 46;
	objects = {

/* Begin PBXBuildFile section */
		4F378A431B3EBA3900719DC9 /* AppDelegate.swift in Sources */ = {isa = PBXBuildFile; fileRef = 4F378A421B3EBA3900719DC9 /* AppDelegate.swift */; };
		4F378A451B3EBA3900719DC9 /* ViewController.swift in Sources */ = {isa = PBXBuildFile; fileRef = 4F378A441B3EBA3900719DC9 /* ViewController.swift */; };
		4F378A471B3EBA3900719DC9 /* Images.xcassets in Resources */ = {isa = PBXBuildFile; fileRef = 4F378A461B3EBA3900719DC9 /* Images.xcassets */; };
		4F378A4A1B3EBA3900719DC9 /* Main.storyboard in Resources */ = {isa = PBXBuildFile; fileRef = 4F378A481B3EBA3900719DC9 /* Main.storyboard */; };
		4F378A561B3EBA3900719DC9 /* realmDynamicInstallSandboxTests.swift in Sources */ = {isa = PBXBuildFile; fileRef = 4F378A551B3EBA3900719DC9 /* realmDynamicInstallSandboxTests.swift */; };
		4F378A611B3EBAAD00719DC9 /* Realm.framework in Frameworks */ = {isa = PBXBuildFile; fileRef = 4F378A5F1B3EBAAD00719DC9 /* Realm.framework */; };
		4F378A621B3EBAAD00719DC9 /* Realm.framework in Embed Frameworks */ = {isa = PBXBuildFile; fileRef = 4F378A5F1B3EBAAD00719DC9 /* Realm.framework */; settings = {ATTRIBUTES = (CodeSignOnCopy, RemoveHeadersOnCopy, ); }; };
		4F378A631B3EBAAD00719DC9 /* RealmSwift.framework in Frameworks */ = {isa = PBXBuildFile; fileRef = 4F378A601B3EBAAD00719DC9 /* RealmSwift.framework */; };
		4F378A641B3EBAAD00719DC9 /* RealmSwift.framework in Embed Frameworks */ = {isa = PBXBuildFile; fileRef = 4F378A601B3EBAAD00719DC9 /* RealmSwift.framework */; settings = {ATTRIBUTES = (CodeSignOnCopy, RemoveHeadersOnCopy, ); }; };
		4F378A671B3EBAFB00719DC9 /* Models.swift in Sources */ = {isa = PBXBuildFile; fileRef = 4F378A661B3EBAFB00719DC9 /* Models.swift */; };
/* End PBXBuildFile section */

/* Begin PBXContainerItemProxy section */
		4F378A501B3EBA3900719DC9 /* PBXContainerItemProxy */ = {
			isa = PBXContainerItemProxy;
			containerPortal = 4F378A351B3EBA3900719DC9 /* Project object */;
			proxyType = 1;
			remoteGlobalIDString = 4F378A3C1B3EBA3900719DC9;
			remoteInfo = realmDynamicInstallSandbox;
		};
/* End PBXContainerItemProxy section */

/* Begin PBXCopyFilesBuildPhase section */
		4F378A651B3EBAAE00719DC9 /* Embed Frameworks */ = {
			isa = PBXCopyFilesBuildPhase;
			buildActionMask = 2147483647;
			dstPath = "";
			dstSubfolderSpec = 10;
			files = (
				4F378A641B3EBAAD00719DC9 /* RealmSwift.framework in Embed Frameworks */,
				4F378A621B3EBAAD00719DC9 /* Realm.framework in Embed Frameworks */,
			);
			name = "Embed Frameworks";
			runOnlyForDeploymentPostprocessing = 0;
		};
/* End PBXCopyFilesBuildPhase section */

/* Begin PBXFileReference section */
		4F378A3D1B3EBA3900719DC9 /* realmDynamicInstallSandbox.app */ = {isa = PBXFileReference; explicitFileType = wrapper.application; includeInIndex = 0; path = realmDynamicInstallSandbox.app; sourceTree = BUILT_PRODUCTS_DIR; };
		4F378A411B3EBA3900719DC9 /* Info.plist */ = {isa = PBXFileReference; lastKnownFileType = text.plist.xml; path = Info.plist; sourceTree = "<group>"; };
		4F378A421B3EBA3900719DC9 /* AppDelegate.swift */ = {isa = PBXFileReference; lastKnownFileType = sourcecode.swift; path = AppDelegate.swift; sourceTree = "<group>"; };
		4F378A441B3EBA3900719DC9 /* ViewController.swift */ = {isa = PBXFileReference; lastKnownFileType = sourcecode.swift; path = ViewController.swift; sourceTree = "<group>"; };
		4F378A461B3EBA3900719DC9 /* Images.xcassets */ = {isa = PBXFileReference; lastKnownFileType = folder.assetcatalog; path = Images.xcassets; sourceTree = "<group>"; };
		4F378A491B3EBA3900719DC9 /* Base */ = {isa = PBXFileReference; lastKnownFileType = file.storyboard; name = Base; path = Base.lproj/Main.storyboard; sourceTree = "<group>"; };
		4F378A4F1B3EBA3900719DC9 /* realmDynamicInstallSandboxTests.xctest */ = {isa = PBXFileReference; explicitFileType = wrapper.cfbundle; includeInIndex = 0; path = realmDynamicInstallSandboxTests.xctest; sourceTree = BUILT_PRODUCTS_DIR; };
		4F378A541B3EBA3900719DC9 /* Info.plist */ = {isa = PBXFileReference; lastKnownFileType = text.plist.xml; path = Info.plist; sourceTree = "<group>"; };
		4F378A551B3EBA3900719DC9 /* realmDynamicInstallSandboxTests.swift */ = {isa = PBXFileReference; lastKnownFileType = sourcecode.swift; path = realmDynamicInstallSandboxTests.swift; sourceTree = "<group>"; };
		4F378A5F1B3EBAAD00719DC9 /* Realm.framework */ = {isa = PBXFileReference; lastKnownFileType = wrapper.framework; path = Realm.framework; sourceTree = "<group>"; };
		4F378A601B3EBAAD00719DC9 /* RealmSwift.framework */ = {isa = PBXFileReference; lastKnownFileType = wrapper.framework; path = RealmSwift.framework; sourceTree = "<group>"; };
		4F378A661B3EBAFB00719DC9 /* Models.swift */ = {isa = PBXFileReference; fileEncoding = 4; lastKnownFileType = sourcecode.swift; path = Models.swift; sourceTree = "<group>"; };
/* End PBXFileReference section */

/* Begin PBXFrameworksBuildPhase section */
		4F378A3A1B3EBA3900719DC9 /* Frameworks */ = {
			isa = PBXFrameworksBuildPhase;
			buildActionMask = 2147483647;
			files = (
				4F378A631B3EBAAD00719DC9 /* RealmSwift.framework in Frameworks */,
				4F378A611B3EBAAD00719DC9 /* Realm.framework in Frameworks */,
			);
			runOnlyForDeploymentPostprocessing = 0;
		};
		4F378A4C1B3EBA3900719DC9 /* Frameworks */ = {
			isa = PBXFrameworksBuildPhase;
			buildActionMask = 2147483647;
			files = (
			);
			runOnlyForDeploymentPostprocessing = 0;
		};
/* End PBXFrameworksBuildPhase section */

/* Begin PBXGroup section */
		4F378A341B3EBA3900719DC9 = {
			isa = PBXGroup;
			children = (
				4F378A5F1B3EBAAD00719DC9 /* Realm.framework */,
				4F378A601B3EBAAD00719DC9 /* RealmSwift.framework */,
				4F378A3F1B3EBA3900719DC9 /* realmDynamicInstallSandbox */,
				4F378A521B3EBA3900719DC9 /* realmDynamicInstallSandboxTests */,
				4F378A3E1B3EBA3900719DC9 /* Products */,
			);
			sourceTree = "<group>";
		};
		4F378A3E1B3EBA3900719DC9 /* Products */ = {
			isa = PBXGroup;
			children = (
				4F378A3D1B3EBA3900719DC9 /* realmDynamicInstallSandbox.app */,
				4F378A4F1B3EBA3900719DC9 /* realmDynamicInstallSandboxTests.xctest */,
			);
			name = Products;
			sourceTree = "<group>";
		};
		4F378A3F1B3EBA3900719DC9 /* realmDynamicInstallSandbox */ = {
			isa = PBXGroup;
			children = (
				4F378A421B3EBA3900719DC9 /* AppDelegate.swift */,
				4F378A441B3EBA3900719DC9 /* ViewController.swift */,
				4F378A661B3EBAFB00719DC9 /* Models.swift */,
				4F378A461B3EBA3900719DC9 /* Images.xcassets */,
				4F378A481B3EBA3900719DC9 /* Main.storyboard */,
				4F378A401B3EBA3900719DC9 /* Supporting Files */,
			);
			path = realmDynamicInstallSandbox;
			sourceTree = "<group>";
		};
		4F378A401B3EBA3900719DC9 /* Supporting Files */ = {
			isa = PBXGroup;
			children = (
				4F378A411B3EBA3900719DC9 /* Info.plist */,
			);
			name = "Supporting Files";
			sourceTree = "<group>";
		};
		4F378A521B3EBA3900719DC9 /* realmDynamicInstallSandboxTests */ = {
			isa = PBXGroup;
			children = (
				4F378A551B3EBA3900719DC9 /* realmDynamicInstallSandboxTests.swift */,
				4F378A531B3EBA3900719DC9 /* Supporting Files */,
			);
			path = realmDynamicInstallSandboxTests;
			sourceTree = "<group>";
		};
		4F378A531B3EBA3900719DC9 /* Supporting Files */ = {
			isa = PBXGroup;
			children = (
				4F378A541B3EBA3900719DC9 /* Info.plist */,
			);
			name = "Supporting Files";
			sourceTree = "<group>";
		};
/* End PBXGroup section */

/* Begin PBXNativeTarget section */
		4F378A3C1B3EBA3900719DC9 /* realmDynamicInstallSandbox */ = {
			isa = PBXNativeTarget;
			buildConfigurationList = 4F378A591B3EBA3900719DC9 /* Build configuration list for PBXNativeTarget "realmDynamicInstallSandbox" */;
			buildPhases = (
				4F378A391B3EBA3900719DC9 /* Sources */,
				4F378A3A1B3EBA3900719DC9 /* Frameworks */,
				4F378A3B1B3EBA3900719DC9 /* Resources */,
				4F378A651B3EBAAE00719DC9 /* Embed Frameworks */,
			);
			buildRules = (
			);
			dependencies = (
			);
			name = realmDynamicInstallSandbox;
			productName = realmDynamicInstallSandbox;
			productReference = 4F378A3D1B3EBA3900719DC9 /* realmDynamicInstallSandbox.app */;
			productType = "com.apple.product-type.application";
		};
		4F378A4E1B3EBA3900719DC9 /* realmDynamicInstallSandboxTests */ = {
			isa = PBXNativeTarget;
			buildConfigurationList = 4F378A5C1B3EBA3900719DC9 /* Build configuration list for PBXNativeTarget "realmDynamicInstallSandboxTests" */;
			buildPhases = (
				4F378A4B1B3EBA3900719DC9 /* Sources */,
				4F378A4C1B3EBA3900719DC9 /* Frameworks */,
				4F378A4D1B3EBA3900719DC9 /* Resources */,
			);
			buildRules = (
			);
			dependencies = (
				4F378A511B3EBA3900719DC9 /* PBXTargetDependency */,
			);
			name = realmDynamicInstallSandboxTests;
			productName = realmDynamicInstallSandboxTests;
			productReference = 4F378A4F1B3EBA3900719DC9 /* realmDynamicInstallSandboxTests.xctest */;
			productType = "com.apple.product-type.bundle.unit-test";
		};
/* End PBXNativeTarget section */

/* Begin PBXProject section */
		4F378A351B3EBA3900719DC9 /* Project object */ = {
			isa = PBXProject;
			attributes = {
				LastUpgradeCheck = 0630;
				ORGANIZATIONNAME = m0a;
				TargetAttributes = {
					4F378A3C1B3EBA3900719DC9 = {
						CreatedOnToolsVersion = 6.3.2;
					};
					4F378A4E1B3EBA3900719DC9 = {
						CreatedOnToolsVersion = 6.3.2;
						TestTargetID = 4F378A3C1B3EBA3900719DC9;
					};
				};
			};
			buildConfigurationList = 4F378A381B3EBA3900719DC9 /* Build configuration list for PBXProject "realmDynamicInstallSandbox" */;
			compatibilityVersion = "Xcode 3.2";
			developmentRegion = English;
			hasScannedForEncodings = 0;
			knownRegions = (
				en,
				Base,
			);
			mainGroup = 4F378A341B3EBA3900719DC9;
			productRefGroup = 4F378A3E1B3EBA3900719DC9 /* Products */;
			projectDirPath = "";
			projectRoot = "";
			targets = (
				4F378A3C1B3EBA3900719DC9 /* realmDynamicInstallSandbox */,
				4F378A4E1B3EBA3900719DC9 /* realmDynamicInstallSandboxTests */,
			);
		};
/* End PBXProject section */

/* Begin PBXResourcesBuildPhase section */
		4F378A3B1B3EBA3900719DC9 /* Resources */ = {
			isa = PBXResourcesBuildPhase;
			buildActionMask = 2147483647;
			files = (
				4F378A471B3EBA3900719DC9 /* Images.xcassets in Resources */,
				4F378A4A1B3EBA3900719DC9 /* Main.storyboard in Resources */,
			);
			runOnlyForDeploymentPostprocessing = 0;
		};
		4F378A4D1B3EBA3900719DC9 /* Resources */ = {
			isa = PBXResourcesBuildPhase;
			buildActionMask = 2147483647;
			files = (
			);
			runOnlyForDeploymentPostprocessing = 0;
		};
/* End PBXResourcesBuildPhase section */

/* Begin PBXSourcesBuildPhase section */
		4F378A391B3EBA3900719DC9 /* Sources */ = {
			isa = PBXSourcesBuildPhase;
			buildActionMask = 2147483647;
			files = (
				4F378A671B3EBAFB00719DC9 /* Models.swift in Sources */,
				4F378A451B3EBA3900719DC9 /* ViewController.swift in Sources */,
				4F378A431B3EBA3900719DC9 /* AppDelegate.swift in Sources */,
			);
			runOnlyForDeploymentPostprocessing = 0;
		};
		4F378A4B1B3EBA3900719DC9 /* Sources */ = {
			isa = PBXSourcesBuildPhase;
			buildActionMask = 2147483647;
			files = (
				4F378A561B3EBA3900719DC9 /* realmDynamicInstallSandboxTests.swift in Sources */,
			);
			runOnlyForDeploymentPostprocessing = 0;
		};
/* End PBXSourcesBuildPhase section */

/* Begin PBXTargetDependency section */
		4F378A511B3EBA3900719DC9 /* PBXTargetDependency */ = {
			isa = PBXTargetDependency;
			target = 4F378A3C1B3EBA3900719DC9 /* realmDynamicInstallSandbox */;
			targetProxy = 4F378A501B3EBA3900719DC9 /* PBXContainerItemProxy */;
		};
/* End PBXTargetDependency section */

/* Begin PBXVariantGroup section */
		4F378A481B3EBA3900719DC9 /* Main.storyboard */ = {
			isa = PBXVariantGroup;
			children = (
				4F378A491B3EBA3900719DC9 /* Base */,
			);
			name = Main.storyboard;
			sourceTree = "<group>";
		};
/* End PBXVariantGroup section */

/* Begin XCBuildConfiguration section */
		4F378A571B3EBA3900719DC9 /* Debug */ = {
			isa = XCBuildConfiguration;
			buildSettings = {
				ALWAYS_SEARCH_USER_PATHS = NO;
				CLANG_CXX_LANGUAGE_STANDARD = "gnu++0x";
				CLANG_CXX_LIBRARY = "libc++";
				CLANG_ENABLE_MODULES = YES;
				CLANG_ENABLE_OBJC_ARC = YES;
				CLANG_WARN_BOOL_CONVERSION = YES;
				CLANG_WARN_CONSTANT_CONVERSION = YES;
				CLANG_WARN_DIRECT_OBJC_ISA_USAGE = YES_ERROR;
				CLANG_WARN_EMPTY_BODY = YES;
				CLANG_WARN_ENUM_CONVERSION = YES;
				CLANG_WARN_INT_CONVERSION = YES;
				CLANG_WARN_OBJC_ROOT_CLASS = YES_ERROR;
				CLANG_WARN_UNREACHABLE_CODE = YES;
				CLANG_WARN__DUPLICATE_METHOD_MATCH = YES;
				CODE_SIGN_IDENTITY = "-";
				COPY_PHASE_STRIP = NO;
				DEBUG_INFORMATION_FORMAT = dwarf;
				ENABLE_STRICT_OBJC_MSGSEND = YES;
				GCC_C_LANGUAGE_STANDARD = gnu99;
				GCC_DYNAMIC_NO_PIC = NO;
				GCC_NO_COMMON_BLOCKS = YES;
				GCC_OPTIMIZATION_LEVEL = 0;
				GCC_PREPROCESSOR_DEFINITIONS = (
					"DEBUG=1",
					"$(inherited)",
				);
				GCC_SYMBOLS_PRIVATE_EXTERN = NO;
				GCC_WARN_64_TO_32_BIT_CONVERSION = YES;
				GCC_WARN_ABOUT_RETURN_TYPE = YES_ERROR;
				GCC_WARN_UNDECLARED_SELECTOR = YES;
				GCC_WARN_UNINITIALIZED_AUTOS = YES_AGGRESSIVE;
				GCC_WARN_UNUSED_FUNCTION = YES;
				GCC_WARN_UNUSED_VARIABLE = YES;
				MACOSX_DEPLOYMENT_TARGET = 10.10;
				MTL_ENABLE_DEBUG_INFO = YES;
				ONLY_ACTIVE_ARCH = YES;
				SDKROOT = macosx;
				SWIFT_OPTIMIZATION_LEVEL = "-Onone";
			};
			name = Debug;
		};
		4F378A581B3EBA3900719DC9 /* Release */ = {
			isa = XCBuildConfiguration;
			buildSettings = {
				ALWAYS_SEARCH_USER_PATHS = NO;
				CLANG_CXX_LANGUAGE_STANDARD = "gnu++0x";
				CLANG_CXX_LIBRARY = "libc++";
				CLANG_ENABLE_MODULES = YES;
				CLANG_ENABLE_OBJC_ARC = YES;
				CLANG_WARN_BOOL_CONVERSION = YES;
				CLANG_WARN_CONSTANT_CONVERSION = YES;
				CLANG_WARN_DIRECT_OBJC_ISA_USAGE = YES_ERROR;
				CLANG_WARN_EMPTY_BODY = YES;
				CLANG_WARN_ENUM_CONVERSION = YES;
				CLANG_WARN_INT_CONVERSION = YES;
				CLANG_WARN_OBJC_ROOT_CLASS = YES_ERROR;
				CLANG_WARN_UNREACHABLE_CODE = YES;
				CLANG_WARN__DUPLICATE_METHOD_MATCH = YES;
				CODE_SIGN_IDENTITY = "-";
				COPY_PHASE_STRIP = NO;
				DEBUG_INFORMATION_FORMAT = "dwarf-with-dsym";
				ENABLE_NS_ASSERTIONS = NO;
				ENABLE_STRICT_OBJC_MSGSEND = YES;
				GCC_C_LANGUAGE_STANDARD = gnu99;
				GCC_NO_COMMON_BLOCKS = YES;
				GCC_WARN_64_TO_32_BIT_CONVERSION = YES;
				GCC_WARN_ABOUT_RETURN_TYPE = YES_ERROR;
				GCC_WARN_UNDECLARED_SELECTOR = YES;
				GCC_WARN_UNINITIALIZED_AUTOS = YES_AGGRESSIVE;
				GCC_WARN_UNUSED_FUNCTION = YES;
				GCC_WARN_UNUSED_VARIABLE = YES;
				MACOSX_DEPLOYMENT_TARGET = 10.10;
				MTL_ENABLE_DEBUG_INFO = NO;
				SDKROOT = macosx;
			};
			name = Release;
		};
		4F378A5A1B3EBA3900719DC9 /* Debug */ = {
			isa = XCBuildConfiguration;
			buildSettings = {
				ASSETCATALOG_COMPILER_APPICON_NAME = AppIcon;
				COMBINE_HIDPI_IMAGES = YES;
				FRAMEWORK_SEARCH_PATHS = (
					"$(inherited)",
					"$(PROJECT_DIR)",
				);
				INFOPLIST_FILE = realmDynamicInstallSandbox/Info.plist;
				LD_RUNPATH_SEARCH_PATHS = "$(inherited) @executable_path/../Frameworks";
				PRODUCT_NAME = "$(TARGET_NAME)";
			};
			name = Debug;
		};
		4F378A5B1B3EBA3900719DC9 /* Release */ = {
			isa = XCBuildConfiguration;
			buildSettings = {
				ASSETCATALOG_COMPILER_APPICON_NAME = AppIcon;
				COMBINE_HIDPI_IMAGES = YES;
				FRAMEWORK_SEARCH_PATHS = (
					"$(inherited)",
					"$(PROJECT_DIR)",
				);
				INFOPLIST_FILE = realmDynamicInstallSandbox/Info.plist;
				LD_RUNPATH_SEARCH_PATHS = "$(inherited) @executable_path/../Frameworks";
				PRODUCT_NAME = "$(TARGET_NAME)";
			};
			name = Release;
		};
		4F378A5D1B3EBA3900719DC9 /* Debug */ = {
			isa = XCBuildConfiguration;
			buildSettings = {
				BUNDLE_LOADER = "$(TEST_HOST)";
				COMBINE_HIDPI_IMAGES = YES;
				FRAMEWORK_SEARCH_PATHS = (
					"$(DEVELOPER_FRAMEWORKS_DIR)",
					"$(inherited)",
				);
				GCC_PREPROCESSOR_DEFINITIONS = (
					"DEBUG=1",
					"$(inherited)",
				);
				INFOPLIST_FILE = realmDynamicInstallSandboxTests/Info.plist;
				LD_RUNPATH_SEARCH_PATHS = "$(inherited) @executable_path/../Frameworks @loader_path/../Frameworks";
				PRODUCT_NAME = "$(TARGET_NAME)";
				TEST_HOST = "$(BUILT_PRODUCTS_DIR)/realmDynamicInstallSandbox.app/Contents/MacOS/realmDynamicInstallSandbox";
			};
			name = Debug;
		};
		4F378A5E1B3EBA3900719DC9 /* Release */ = {
			isa = XCBuildConfiguration;
			buildSettings = {
				BUNDLE_LOADER = "$(TEST_HOST)";
				COMBINE_HIDPI_IMAGES = YES;
				FRAMEWORK_SEARCH_PATHS = (
					"$(DEVELOPER_FRAMEWORKS_DIR)",
					"$(inherited)",
				);
				INFOPLIST_FILE = realmDynamicInstallSandboxTests/Info.plist;
				LD_RUNPATH_SEARCH_PATHS = "$(inherited) @executable_path/../Frameworks @loader_path/../Frameworks";
				PRODUCT_NAME = "$(TARGET_NAME)";
				TEST_HOST = "$(BUILT_PRODUCTS_DIR)/realmDynamicInstallSandbox.app/Contents/MacOS/realmDynamicInstallSandbox";
			};
			name = Release;
		};
/* End XCBuildConfiguration section */

/* Begin XCConfigurationList section */
		4F378A381B3EBA3900719DC9 /* Build configuration list for PBXProject "realmDynamicInstallSandbox" */ = {
			isa = XCConfigurationList;
			buildConfigurations = (
				4F378A571B3EBA3900719DC9 /* Debug */,
				4F378A581B3EBA3900719DC9 /* Release */,
			);
			defaultConfigurationIsVisible = 0;
			defaultConfigurationName = Release;
		};
		4F378A591B3EBA3900719DC9 /* Build configuration list for PBXNativeTarget "realmDynamicInstallSandbox" */ = {
			isa = XCConfigurationList;
			buildConfigurations = (
				4F378A5A1B3EBA3900719DC9 /* Debug */,
				4F378A5B1B3EBA3900719DC9 /* Release */,
			);
			defaultConfigurationIsVisible = 0;
		};
		4F378A5C1B3EBA3900719DC9 /* Build configuration list for PBXNativeTarget "realmDynamicInstallSandboxTests" */ = {
			isa = XCConfigurationList;
			buildConfigurations = (
				4F378A5D1B3EBA3900719DC9 /* Debug */,
				4F378A5E1B3EBA3900719DC9 /* Release */,
			);
			defaultConfigurationIsVisible = 0;
		};
/* End XCConfigurationList section */
	};
	rootObject = 4F378A351B3EBA3900719DC9 /* Project object */;
}
