// !$*UTF8*$!
{
	archiveVersion = 1;
	classes = {
	};
	objectVersion = 46;
	objects = {

/* Begin PBXBuildFile section */
		4FB15C851AAD5EB6008522B9 /* main.m in Sources */ = {isa = PBXBuildFile; fileRef = 4FB15C841AAD5EB6008522B9 /* main.m */; };
		4FB15C881AAD5EB6008522B9 /* AppDelegate.m in Sources */ = {isa = PBXBuildFile; fileRef = 4FB15C871AAD5EB6008522B9 /* AppDelegate.m */; };
		4FB15C8B1AAD5EB6008522B9 /* FirstViewController.m in Sources */ = {isa = PBXBuildFile; fileRef = 4FB15C8A1AAD5EB6008522B9 /* FirstViewController.m */; };
		4FB15C8E1AAD5EB6008522B9 /* SecondViewController.m in Sources */ = {isa = PBXBuildFile; fileRef = 4FB15C8D1AAD5EB6008522B9 /* SecondViewController.m */; };
		4FB15C911AAD5EB7008522B9 /* Main.storyboard in Resources */ = {isa = PBXBuildFile; fileRef = 4FB15C8F1AAD5EB7008522B9 /* Main.storyboard */; };
		4FB15C931AAD5EB7008522B9 /* Images.xcassets in Resources */ = {isa = PBXBuildFile; fileRef = 4FB15C921AAD5EB7008522B9 /* Images.xcassets */; };
		4FB15C961AAD5EB7008522B9 /* LaunchScreen.xib in Resources */ = {isa = PBXBuildFile; fileRef = 4FB15C941AAD5EB7008522B9 /* LaunchScreen.xib */; };
		4FB15CA21AAD5EB7008522B9 /* tabViewSampleTests.m in Sources */ = {isa = PBXBuildFile; fileRef = 4FB15CA11AAD5EB7008522B9 /* tabViewSampleTests.m */; };
/* End PBXBuildFile section */

/* Begin PBXContainerItemProxy section */
		4FB15C9C1AAD5EB7008522B9 /* PBXContainerItemProxy */ = {
			isa = PBXContainerItemProxy;
			containerPortal = 4FB15C771AAD5EB6008522B9 /* Project object */;
			proxyType = 1;
			remoteGlobalIDString = 4FB15C7E1AAD5EB6008522B9;
			remoteInfo = tabViewSample;
		};
/* End PBXContainerItemProxy section */

/* Begin PBXFileReference section */
		4FB15C7F1AAD5EB6008522B9 /* tabViewSample.app */ = {isa = PBXFileReference; explicitFileType = wrapper.application; includeInIndex = 0; path = tabViewSample.app; sourceTree = BUILT_PRODUCTS_DIR; };
		4FB15C831AAD5EB6008522B9 /* Info.plist */ = {isa = PBXFileReference; lastKnownFileType = text.plist.xml; path = Info.plist; sourceTree = "<group>"; };
		4FB15C841AAD5EB6008522B9 /* main.m */ = {isa = PBXFileReference; lastKnownFileType = sourcecode.c.objc; path = main.m; sourceTree = "<group>"; };
		4FB15C861AAD5EB6008522B9 /* AppDelegate.h */ = {isa = PBXFileReference; lastKnownFileType = sourcecode.c.h; path = AppDelegate.h; sourceTree = "<group>"; };
		4FB15C871AAD5EB6008522B9 /* AppDelegate.m */ = {isa = PBXFileReference; lastKnownFileType = sourcecode.c.objc; path = AppDelegate.m; sourceTree = "<group>"; };
		4FB15C891AAD5EB6008522B9 /* FirstViewController.h */ = {isa = PBXFileReference; lastKnownFileType = sourcecode.c.h; path = FirstViewController.h; sourceTree = "<group>"; };
		4FB15C8A1AAD5EB6008522B9 /* FirstViewController.m */ = {isa = PBXFileReference; lastKnownFileType = sourcecode.c.objc; path = FirstViewController.m; sourceTree = "<group>"; };
		4FB15C8C1AAD5EB6008522B9 /* SecondViewController.h */ = {isa = PBXFileReference; lastKnownFileType = sourcecode.c.h; path = SecondViewController.h; sourceTree = "<group>"; };
		4FB15C8D1AAD5EB6008522B9 /* SecondViewController.m */ = {isa = PBXFileReference; lastKnownFileType = sourcecode.c.objc; path = SecondViewController.m; sourceTree = "<group>"; };
		4FB15C901AAD5EB7008522B9 /* Base */ = {isa = PBXFileReference; lastKnownFileType = file.storyboard; name = Base; path = Base.lproj/Main.storyboard; sourceTree = "<group>"; };
		4FB15C921AAD5EB7008522B9 /* Images.xcassets */ = {isa = PBXFileReference; lastKnownFileType = folder.assetcatalog; path = Images.xcassets; sourceTree = "<group>"; };
		4FB15C951AAD5EB7008522B9 /* Base */ = {isa = PBXFileReference; lastKnownFileType = file.xib; name = Base; path = Base.lproj/LaunchScreen.xib; sourceTree = "<group>"; };
		4FB15C9B1AAD5EB7008522B9 /* tabViewSampleTests.xctest */ = {isa = PBXFileReference; explicitFileType = wrapper.cfbundle; includeInIndex = 0; path = tabViewSampleTests.xctest; sourceTree = BUILT_PRODUCTS_DIR; };
		4FB15CA01AAD5EB7008522B9 /* Info.plist */ = {isa = PBXFileReference; lastKnownFileType = text.plist.xml; path = Info.plist; sourceTree = "<group>"; };
		4FB15CA11AAD5EB7008522B9 /* tabViewSampleTests.m */ = {isa = PBXFileReference; lastKnownFileType = sourcecode.c.objc; path = tabViewSampleTests.m; sourceTree = "<group>"; };
/* End PBXFileReference section */

/* Begin PBXFrameworksBuildPhase section */
		4FB15C7C1AAD5EB6008522B9 /* Frameworks */ = {
			isa = PBXFrameworksBuildPhase;
			buildActionMask = 2147483647;
			files = (
			);
			runOnlyForDeploymentPostprocessing = 0;
		};
		4FB15C981AAD5EB7008522B9 /* Frameworks */ = {
			isa = PBXFrameworksBuildPhase;
			buildActionMask = 2147483647;
			files = (
			);
			runOnlyForDeploymentPostprocessing = 0;
		};
/* End PBXFrameworksBuildPhase section */

/* Begin PBXGroup section */
		4FB15C761AAD5EB6008522B9 = {
			isa = PBXGroup;
			children = (
				4FB15C811AAD5EB6008522B9 /* tabViewSample */,
				4FB15C9E1AAD5EB7008522B9 /* tabViewSampleTests */,
				4FB15C801AAD5EB6008522B9 /* Products */,
			);
			sourceTree = "<group>";
		};
		4FB15C801AAD5EB6008522B9 /* Products */ = {
			isa = PBXGroup;
			children = (
				4FB15C7F1AAD5EB6008522B9 /* tabViewSample.app */,
				4FB15C9B1AAD5EB7008522B9 /* tabViewSampleTests.xctest */,
			);
			name = Products;
			sourceTree = "<group>";
		};
		4FB15C811AAD5EB6008522B9 /* tabViewSample */ = {
			isa = PBXGroup;
			children = (
				4FB15C861AAD5EB6008522B9 /* AppDelegate.h */,
				4FB15C871AAD5EB6008522B9 /* AppDelegate.m */,
				4FB15C891AAD5EB6008522B9 /* FirstViewController.h */,
				4FB15C8A1AAD5EB6008522B9 /* FirstViewController.m */,
				4FB15C8C1AAD5EB6008522B9 /* SecondViewController.h */,
				4FB15C8D1AAD5EB6008522B9 /* SecondViewController.m */,
				4FB15C8F1AAD5EB7008522B9 /* Main.storyboard */,
				4FB15C921AAD5EB7008522B9 /* Images.xcassets */,
				4FB15C941AAD5EB7008522B9 /* LaunchScreen.xib */,
				4FB15C821AAD5EB6008522B9 /* Supporting Files */,
			);
			path = tabViewSample;
			sourceTree = "<group>";
		};
		4FB15C821AAD5EB6008522B9 /* Supporting Files */ = {
			isa = PBXGroup;
			children = (
				4FB15C831AAD5EB6008522B9 /* Info.plist */,
				4FB15C841AAD5EB6008522B9 /* main.m */,
			);
			name = "Supporting Files";
			sourceTree = "<group>";
		};
		4FB15C9E1AAD5EB7008522B9 /* tabViewSampleTests */ = {
			isa = PBXGroup;
			children = (
				4FB15CA11AAD5EB7008522B9 /* tabViewSampleTests.m */,
				4FB15C9F1AAD5EB7008522B9 /* Supporting Files */,
			);
			path = tabViewSampleTests;
			sourceTree = "<group>";
		};
		4FB15C9F1AAD5EB7008522B9 /* Supporting Files */ = {
			isa = PBXGroup;
			children = (
				4FB15CA01AAD5EB7008522B9 /* Info.plist */,
			);
			name = "Supporting Files";
			sourceTree = "<group>";
		};
/* End PBXGroup section */

/* Begin PBXNativeTarget section */
		4FB15C7E1AAD5EB6008522B9 /* tabViewSample */ = {
			isa = PBXNativeTarget;
			buildConfigurationList = 4FB15CA51AAD5EB7008522B9 /* Build configuration list for PBXNativeTarget "tabViewSample" */;
			buildPhases = (
				4FB15C7B1AAD5EB6008522B9 /* Sources */,
				4FB15C7C1AAD5EB6008522B9 /* Frameworks */,
				4FB15C7D1AAD5EB6008522B9 /* Resources */,
			);
			buildRules = (
			);
			dependencies = (
			);
			name = tabViewSample;
			productName = tabViewSample;
			productReference = 4FB15C7F1AAD5EB6008522B9 /* tabViewSample.app */;
			productType = "com.apple.product-type.application";
		};
		4FB15C9A1AAD5EB7008522B9 /* tabViewSampleTests */ = {
			isa = PBXNativeTarget;
			buildConfigurationList = 4FB15CA81AAD5EB7008522B9 /* Build configuration list for PBXNativeTarget "tabViewSampleTests" */;
			buildPhases = (
				4FB15C971AAD5EB7008522B9 /* Sources */,
				4FB15C981AAD5EB7008522B9 /* Frameworks */,
				4FB15C991AAD5EB7008522B9 /* Resources */,
			);
			buildRules = (
			);
			dependencies = (
				4FB15C9D1AAD5EB7008522B9 /* PBXTargetDependency */,
			);
			name = tabViewSampleTests;
			productName = tabViewSampleTests;
			productReference = 4FB15C9B1AAD5EB7008522B9 /* tabViewSampleTests.xctest */;
			productType = "com.apple.product-type.bundle.unit-test";
		};
/* End PBXNativeTarget section */

/* Begin PBXProject section */
		4FB15C771AAD5EB6008522B9 /* Project object */ = {
			isa = PBXProject;
			attributes = {
				LastUpgradeCheck = 0610;
				ORGANIZATIONNAME = m0a;
				TargetAttributes = {
					4FB15C7E1AAD5EB6008522B9 = {
						CreatedOnToolsVersion = 6.1.1;
					};
					4FB15C9A1AAD5EB7008522B9 = {
						CreatedOnToolsVersion = 6.1.1;
						TestTargetID = 4FB15C7E1AAD5EB6008522B9;
					};
				};
			};
			buildConfigurationList = 4FB15C7A1AAD5EB6008522B9 /* Build configuration list for PBXProject "tabViewSample" */;
			compatibilityVersion = "Xcode 3.2";
			developmentRegion = English;
			hasScannedForEncodings = 0;
			knownRegions = (
				en,
				Base,
			);
			mainGroup = 4FB15C761AAD5EB6008522B9;
			productRefGroup = 4FB15C801AAD5EB6008522B9 /* Products */;
			projectDirPath = "";
			projectRoot = "";
			targets = (
				4FB15C7E1AAD5EB6008522B9 /* tabViewSample */,
				4FB15C9A1AAD5EB7008522B9 /* tabViewSampleTests */,
			);
		};
/* End PBXProject section */

/* Begin PBXResourcesBuildPhase section */
		4FB15C7D1AAD5EB6008522B9 /* Resources */ = {
			isa = PBXResourcesBuildPhase;
			buildActionMask = 2147483647;
			files = (
				4FB15C911AAD5EB7008522B9 /* Main.storyboard in Resources */,
				4FB15C961AAD5EB7008522B9 /* LaunchScreen.xib in Resources */,
				4FB15C931AAD5EB7008522B9 /* Images.xcassets in Resources */,
			);
			runOnlyForDeploymentPostprocessing = 0;
		};
		4FB15C991AAD5EB7008522B9 /* Resources */ = {
			isa = PBXResourcesBuildPhase;
			buildActionMask = 2147483647;
			files = (
			);
			runOnlyForDeploymentPostprocessing = 0;
		};
/* End PBXResourcesBuildPhase section */

/* Begin PBXSourcesBuildPhase section */
		4FB15C7B1AAD5EB6008522B9 /* Sources */ = {
			isa = PBXSourcesBuildPhase;
			buildActionMask = 2147483647;
			files = (
				4FB15C8E1AAD5EB6008522B9 /* SecondViewController.m in Sources */,
				4FB15C881AAD5EB6008522B9 /* AppDelegate.m in Sources */,
				4FB15C8B1AAD5EB6008522B9 /* FirstViewController.m in Sources */,
				4FB15C851AAD5EB6008522B9 /* main.m in Sources */,
			);
			runOnlyForDeploymentPostprocessing = 0;
		};
		4FB15C971AAD5EB7008522B9 /* Sources */ = {
			isa = PBXSourcesBuildPhase;
			buildActionMask = 2147483647;
			files = (
				4FB15CA21AAD5EB7008522B9 /* tabViewSampleTests.m in Sources */,
			);
			runOnlyForDeploymentPostprocessing = 0;
		};
/* End PBXSourcesBuildPhase section */

/* Begin PBXTargetDependency section */
		4FB15C9D1AAD5EB7008522B9 /* PBXTargetDependency */ = {
			isa = PBXTargetDependency;
			target = 4FB15C7E1AAD5EB6008522B9 /* tabViewSample */;
			targetProxy = 4FB15C9C1AAD5EB7008522B9 /* PBXContainerItemProxy */;
		};
/* End PBXTargetDependency section */

/* Begin PBXVariantGroup section */
		4FB15C8F1AAD5EB7008522B9 /* Main.storyboard */ = {
			isa = PBXVariantGroup;
			children = (
				4FB15C901AAD5EB7008522B9 /* Base */,
			);
			name = Main.storyboard;
			sourceTree = "<group>";
		};
		4FB15C941AAD5EB7008522B9 /* LaunchScreen.xib */ = {
			isa = PBXVariantGroup;
			children = (
				4FB15C951AAD5EB7008522B9 /* Base */,
			);
			name = LaunchScreen.xib;
			sourceTree = "<group>";
		};
/* End PBXVariantGroup section */

/* Begin XCBuildConfiguration section */
		4FB15CA31AAD5EB7008522B9 /* Debug */ = {
			isa = XCBuildConfiguration;
			buildSettings = {
				ALWAYS_SEARCH_USER_PATHS = NO;
				CLANG_CXX_LANGUAGE_STANDARD = "gnu++0x";
				CLANG_CXX_LIBRARY = "libc++";
				CLANG_ENABLE_MODULES = YES;
				CLANG_ENABLE_OBJC_ARC = YES;
				CLANG_WARN_BOOL_CONVERSION = YES;
				CLANG_WARN_CONSTANT_CONVERSION = YES;
				CLANG_WARN_DIRECT_OBJC_ISA_USAGE = YES_ERROR;
				CLANG_WARN_EMPTY_BODY = YES;
				CLANG_WARN_ENUM_CONVERSION = YES;
				CLANG_WARN_INT_CONVERSION = YES;
				CLANG_WARN_OBJC_ROOT_CLASS = YES_ERROR;
				CLANG_WARN_UNREACHABLE_CODE = YES;
				CLANG_WARN__DUPLICATE_METHOD_MATCH = YES;
				"CODE_SIGN_IDENTITY[sdk=iphoneos*]" = "iPhone Developer";
				COPY_PHASE_STRIP = NO;
				ENABLE_STRICT_OBJC_MSGSEND = YES;
				GCC_C_LANGUAGE_STANDARD = gnu99;
				GCC_DYNAMIC_NO_PIC = NO;
				GCC_OPTIMIZATION_LEVEL = 0;
				GCC_PREPROCESSOR_DEFINITIONS = (
					"DEBUG=1",
					"$(inherited)",
				);
				GCC_SYMBOLS_PRIVATE_EXTERN = NO;
				GCC_WARN_64_TO_32_BIT_CONVERSION = YES;
				GCC_WARN_ABOUT_RETURN_TYPE = YES_ERROR;
				GCC_WARN_UNDECLARED_SELECTOR = YES;
				GCC_WARN_UNINITIALIZED_AUTOS = YES_AGGRESSIVE;
				GCC_WARN_UNUSED_FUNCTION = YES;
				GCC_WARN_UNUSED_VARIABLE = YES;
				IPHONEOS_DEPLOYMENT_TARGET = 8.1;
				MTL_ENABLE_DEBUG_INFO = YES;
				ONLY_ACTIVE_ARCH = YES;
				SDKROOT = iphoneos;
			};
			name = Debug;
		};
		4FB15CA41AAD5EB7008522B9 /* Release */ = {
			isa = XCBuildConfiguration;
			buildSettings = {
				ALWAYS_SEARCH_USER_PATHS = NO;
				CLANG_CXX_LANGUAGE_STANDARD = "gnu++0x";
				CLANG_CXX_LIBRARY = "libc++";
				CLANG_ENABLE_MODULES = YES;
				CLANG_ENABLE_OBJC_ARC = YES;
				CLANG_WARN_BOOL_CONVERSION = YES;
				CLANG_WARN_CONSTANT_CONVERSION = YES;
				CLANG_WARN_DIRECT_OBJC_ISA_USAGE = YES_ERROR;
				CLANG_WARN_EMPTY_BODY = YES;
				CLANG_WARN_ENUM_CONVERSION = YES;
				CLANG_WARN_INT_CONVERSION = YES;
				CLANG_WARN_OBJC_ROOT_CLASS = YES_ERROR;
				CLANG_WARN_UNREACHABLE_CODE = YES;
				CLANG_WARN__DUPLICATE_METHOD_MATCH = YES;
				"CODE_SIGN_IDENTITY[sdk=iphoneos*]" = "iPhone Developer";
				COPY_PHASE_STRIP = YES;
				ENABLE_NS_ASSERTIONS = NO;
				ENABLE_STRICT_OBJC_MSGSEND = YES;
				GCC_C_LANGUAGE_STANDARD = gnu99;
				GCC_WARN_64_TO_32_BIT_CONVERSION = YES;
				GCC_WARN_ABOUT_RETURN_TYPE = YES_ERROR;
				GCC_WARN_UNDECLARED_SELECTOR = YES;
				GCC_WARN_UNINITIALIZED_AUTOS = YES_AGGRESSIVE;
				GCC_WARN_UNUSED_FUNCTION = YES;
				GCC_WARN_UNUSED_VARIABLE = YES;
				IPHONEOS_DEPLOYMENT_TARGET = 8.1;
				MTL_ENABLE_DEBUG_INFO = NO;
				SDKROOT = iphoneos;
				VALIDATE_PRODUCT = YES;
			};
			name = Release;
		};
		4FB15CA61AAD5EB7008522B9 /* Debug */ = {
			isa = XCBuildConfiguration;
			buildSettings = {
				ASSETCATALOG_COMPILER_APPICON_NAME = AppIcon;
				INFOPLIST_FILE = tabViewSample/Info.plist;
				LD_RUNPATH_SEARCH_PATHS = "$(inherited) @executable_path/Frameworks";
				PRODUCT_NAME = "$(TARGET_NAME)";
			};
			name = Debug;
		};
		4FB15CA71AAD5EB7008522B9 /* Release */ = {
			isa = XCBuildConfiguration;
			buildSettings = {
				ASSETCATALOG_COMPILER_APPICON_NAME = AppIcon;
				INFOPLIST_FILE = tabViewSample/Info.plist;
				LD_RUNPATH_SEARCH_PATHS = "$(inherited) @executable_path/Frameworks";
				PRODUCT_NAME = "$(TARGET_NAME)";
			};
			name = Release;
		};
		4FB15CA91AAD5EB7008522B9 /* Debug */ = {
			isa = XCBuildConfiguration;
			buildSettings = {
				BUNDLE_LOADER = "$(TEST_HOST)";
				FRAMEWORK_SEARCH_PATHS = (
					"$(SDKROOT)/Developer/Library/Frameworks",
					"$(inherited)",
				);
				GCC_PREPROCESSOR_DEFINITIONS = (
					"DEBUG=1",
					"$(inherited)",
				);
				INFOPLIST_FILE = tabViewSampleTests/Info.plist;
				LD_RUNPATH_SEARCH_PATHS = "$(inherited) @executable_path/Frameworks @loader_path/Frameworks";
				PRODUCT_NAME = "$(TARGET_NAME)";
				TEST_HOST = "$(BUILT_PRODUCTS_DIR)/tabViewSample.app/tabViewSample";
			};
			name = Debug;
		};
		4FB15CAA1AAD5EB7008522B9 /* Release */ = {
			isa = XCBuildConfiguration;
			buildSettings = {
				BUNDLE_LOADER = "$(TEST_HOST)";
				FRAMEWORK_SEARCH_PATHS = (
					"$(SDKROOT)/Developer/Library/Frameworks",
					"$(inherited)",
				);
				INFOPLIST_FILE = tabViewSampleTests/Info.plist;
				LD_RUNPATH_SEARCH_PATHS = "$(inherited) @executable_path/Frameworks @loader_path/Frameworks";
				PRODUCT_NAME = "$(TARGET_NAME)";
				TEST_HOST = "$(BUILT_PRODUCTS_DIR)/tabViewSample.app/tabViewSample";
			};
			name = Release;
		};
/* End XCBuildConfiguration section */

/* Begin XCConfigurationList section */
		4FB15C7A1AAD5EB6008522B9 /* Build configuration list for PBXProject "tabViewSample" */ = {
			isa = XCConfigurationList;
			buildConfigurations = (
				4FB15CA31AAD5EB7008522B9 /* Debug */,
				4FB15CA41AAD5EB7008522B9 /* Release */,
			);
			defaultConfigurationIsVisible = 0;
			defaultConfigurationName = Release;
		};
		4FB15CA51AAD5EB7008522B9 /* Build configuration list for PBXNativeTarget "tabViewSample" */ = {
			isa = XCConfigurationList;
			buildConfigurations = (
				4FB15CA61AAD5EB7008522B9 /* Debug */,
				4FB15CA71AAD5EB7008522B9 /* Release */,
			);
			defaultConfigurationIsVisible = 0;
		};
		4FB15CA81AAD5EB7008522B9 /* Build configuration list for PBXNativeTarget "tabViewSampleTests" */ = {
			isa = XCConfigurationList;
			buildConfigurations = (
				4FB15CA91AAD5EB7008522B9 /* Debug */,
				4FB15CAA1AAD5EB7008522B9 /* Release */,
			);
			defaultConfigurationIsVisible = 0;
		};
/* End XCConfigurationList section */
	};
	rootObject = 4FB15C771AAD5EB6008522B9 /* Project object */;
}
